
Microsoft Visual Studio Solution File, Format Version 12.00
# Visual Studio 15
VisualStudioVersion = 15.0.28307.106
MinimumVisualStudioVersion = 10.0.40219.1
Project("{FAE04EC0-301F-11D3-BF4B-00C04F79EFBC}") = "LibraryBookReservationSystem", "LibraryBookReservationSystem\LibraryBookReservationSystem.csproj", "{E5D65B26-34C4-4661-8E1C-0FC2377A0208}"
EndProject
Project("{FAE04EC0-301F-11D3-BF4B-00C04F79EFBC}") = "LibraryBookReservationSystem.Tests", "LibraryBookReservationSystem.Tests\LibraryBookReservationSystem.Tests.csproj", "{0569B3FE-1E65-4585-A563-464C7C26F81E}"
EndProject
Global
	GlobalSection(SolutionConfigurationPlatforms) = preSolution
		Debug|Any CPU = Debug|Any CPU
		Release|Any CPU = Release|Any CPU
	EndGlobalSection
	GlobalSection(ProjectConfigurationPlatforms) = postSolution
		{E5D65B26-34C4-4661-8E1C-0FC2377A0208}.Debug|Any CPU.ActiveCfg = Debug|Any CPU
		{E5D65B26-34C4-4661-8E1C-0FC2377A0208}.Debug|Any CPU.Build.0 = Debug|Any CPU
		{E5D65B26-34C4-4661-8E1C-0FC2377A0208}.Release|Any CPU.ActiveCfg = Release|Any CPU
		{E5D65B26-34C4-4661-8E1C-0FC2377A0208}.Release|Any CPU.Build.0 = Release|Any CPU
		{0569B3FE-1E65-4585-A563-464C7C26F81E}.Debug|Any CPU.ActiveCfg = Debug|Any CPU
		{0569B3FE-1E65-4585-A563-464C7C26F81E}.Debug|Any CPU.Build.0 = Debug|Any CPU
		{0569B3FE-1E65-4585-A563-464C7C26F81E}.Release|Any CPU.ActiveCfg = Release|Any CPU
		{0569B3FE-1E65-4585-A563-464C7C26F81E}.Release|Any CPU.Build.0 = Release|Any CPU
	EndGlobalSection
	GlobalSection(SolutionProperties) = preSolution
		HideSolutionNode = FALSE
	EndGlobalSection
	GlobalSection(ExtensibilityGlobals) = postSolution
		SolutionGuid = {6E9DBAC6-BCAD-4DB3-8B8B-4DBF030E72BF}
	EndGlobalSection
EndGlobal
